
Microsoft Visual Studio Solution File, Format Version 12.00
# Visual Studio Version 17
VisualStudioVersion = 17.13.35806.99 d17.13
MinimumVisualStudioVersion = 10.0.40219.1
Project("{FAE04EC0-301F-11D3-BF4B-00C04F79EFBC}") = "01-EF", "01-EF\01-EF.csproj", "{3D1EAABA-614C-4C0D-B1AB-214EDDAE577C}"
EndProject
Global
	GlobalSection(SolutionConfigurationPlatforms) = preSolution
		Debug|Any CPU = Debug|Any CPU
		Release|Any CPU = Release|Any CPU
	EndGlobalSection
	GlobalSection(ProjectConfigurationPlatforms) = postSolution
		{3D1EAABA-614C-4C0D-B1AB-214EDDAE577C}.Debug|Any CPU.ActiveCfg = Debug|Any CPU
		{3D1EAABA-614C-4C0D-B1AB-214EDDAE577C}.Debug|Any CPU.Build.0 = Debug|Any CPU
		{3D1EAABA-614C-4C0D-B1AB-214EDDAE577C}.Release|Any CPU.ActiveCfg = Release|Any CPU
		{3D1EAABA-614C-4C0D-B1AB-214EDDAE577C}.Release|Any CPU.Build.0 = Release|Any CPU
	EndGlobalSection
	GlobalSection(SolutionProperties) = preSolution
		HideSolutionNode = FALSE
	EndGlobalSection
	GlobalSection(ExtensibilityGlobals) = postSolution
		SolutionGuid = {565064F1-62A5-423D-A15C-BED68DE25A68}
	EndGlobalSection
EndGlobal
